
Microsoft Visual Studio Solution File, Format Version 12.00
# Visual Studio Version 16
VisualStudioVersion = 16.0.30309.148
MinimumVisualStudioVersion = 10.0.40219.1
Project("{FAE04EC0-301F-11D3-BF4B-00C04F79EFBC}") = "purePuzzle", "purePuzzle\purePuzzle.csproj", "{3846DBD1-7319-4B31-9610-14D0EB76A395}"
EndProject
Global
	GlobalSection(SolutionConfigurationPlatforms) = preSolution
		Debug|Any CPU = Debug|Any CPU
		Release|Any CPU = Release|Any CPU
	EndGlobalSection
	GlobalSection(ProjectConfigurationPlatforms) = postSolution
		{3846DBD1-7319-4B31-9610-14D0EB76A395}.Debug|Any CPU.ActiveCfg = Debug|Any CPU
		{3846DBD1-7319-4B31-9610-14D0EB76A395}.Debug|Any CPU.Build.0 = Debug|Any CPU
		{3846DBD1-7319-4B31-9610-14D0EB76A395}.Release|Any CPU.ActiveCfg = Release|Any CPU
		{3846DBD1-7319-4B31-9610-14D0EB76A395}.Release|Any CPU.Build.0 = Release|Any CPU
	EndGlobalSection
	GlobalSection(SolutionProperties) = preSolution
		HideSolutionNode = FALSE
	EndGlobalSection
	GlobalSection(ExtensibilityGlobals) = postSolution
		SolutionGuid = {AAA5A5DC-E10D-4D84-86BB-7BC1B3705363}
	EndGlobalSection
EndGlobal
