
Microsoft Visual Studio Solution File, Format Version 12.00
# Visual Studio Version 16
VisualStudioVersion = 16.0.30517.126
MinimumVisualStudioVersion = 10.0.40219.1
Project("{FAE04EC0-301F-11D3-BF4B-00C04F79EFBC}") = "firstSQL", "firstSQL\firstSQL.csproj", "{127567EA-30DD-4986-AAB9-A8626ED8E19A}"
EndProject
Global
	GlobalSection(SolutionConfigurationPlatforms) = preSolution
		Debug|Any CPU = Debug|Any CPU
		Release|Any CPU = Release|Any CPU
	EndGlobalSection
	GlobalSection(ProjectConfigurationPlatforms) = postSolution
		{127567EA-30DD-4986-AAB9-A8626ED8E19A}.Debug|Any CPU.ActiveCfg = Debug|Any CPU
		{127567EA-30DD-4986-AAB9-A8626ED8E19A}.Debug|Any CPU.Build.0 = Debug|Any CPU
		{127567EA-30DD-4986-AAB9-A8626ED8E19A}.Release|Any CPU.ActiveCfg = Release|Any CPU
		{127567EA-30DD-4986-AAB9-A8626ED8E19A}.Release|Any CPU.Build.0 = Release|Any CPU
	EndGlobalSection
	GlobalSection(SolutionProperties) = preSolution
		HideSolutionNode = FALSE
	EndGlobalSection
	GlobalSection(ExtensibilityGlobals) = postSolution
		SolutionGuid = {37294F60-2B55-4577-AD23-422038B45687}
	EndGlobalSection
EndGlobal
